
Microsoft Visual Studio Solution File, Format Version 12.00
# Visual Studio Version 16
VisualStudioVersion = 16.0.31911.196
MinimumVisualStudioVersion = 10.0.40219.1
Project("{FAE04EC0-301F-11D3-BF4B-00C04F79EFBC}") = "OverloadingExcerize", "OverloadingExcerize\OverloadingExcerize.csproj", "{2941332B-BF84-4EA8-957F-79CD0055F701}"
EndProject
Global
	GlobalSection(SolutionConfigurationPlatforms) = preSolution
		Debug|Any CPU = Debug|Any CPU
		Release|Any CPU = Release|Any CPU
	EndGlobalSection
	GlobalSection(ProjectConfigurationPlatforms) = postSolution
		{2941332B-BF84-4EA8-957F-79CD0055F701}.Debug|Any CPU.ActiveCfg = Debug|Any CPU
		{2941332B-BF84-4EA8-957F-79CD0055F701}.Debug|Any CPU.Build.0 = Debug|Any CPU
		{2941332B-BF84-4EA8-957F-79CD0055F701}.Release|Any CPU.ActiveCfg = Release|Any CPU
		{2941332B-BF84-4EA8-957F-79CD0055F701}.Release|Any CPU.Build.0 = Release|Any CPU
	EndGlobalSection
	GlobalSection(SolutionProperties) = preSolution
		HideSolutionNode = FALSE
	EndGlobalSection
	GlobalSection(ExtensibilityGlobals) = postSolution
		SolutionGuid = {123E1E63-60F4-4A50-A4BE-A4CBA3717D95}
	EndGlobalSection
EndGlobal
